# THIS IS AN AUTOGENERATED FILE. DO NOT EDIT THIS FILE DIRECTLY.
# yarn lockfile v1


axentix@^1.0.0:
  version "1.0.0"
  resolved "https://registry.yarnpkg.com/axentix/-/axentix-1.0.0.tgz#6433268db97b065fddc7f15cfe6fcfbb154543d1"
  integrity sha512-+6N6rcMeCXBob70l4CDEVVuhRJJMvejRpFy90LRtloE8OA469PBex3vqhcyJTN2yGtd4PfX2cMeJBkqAZpUOJQ==
